
Microsoft Visual Studio Solution File, Format Version 12.00
# Visual Studio Version 17
VisualStudioVersion = 17.4.33205.214
MinimumVisualStudioVersion = 10.0.40219.1
Project("{9A19103F-16F7-4668-BE54-9A1E7A4F7556}") = "Kontaklarim", "Kontaklarim.csproj", "{CBA7C6BE-09F9-42ED-A993-45835A79801B}"
EndProject
Global
	GlobalSection(SolutionConfigurationPlatforms) = preSolution
		Debug|Any CPU = Debug|Any CPU
		Release|Any CPU = Release|Any CPU
	EndGlobalSection
	GlobalSection(ProjectConfigurationPlatforms) = postSolution
		{CBA7C6BE-09F9-42ED-A993-45835A79801B}.Debug|Any CPU.ActiveCfg = Debug|Any CPU
		{CBA7C6BE-09F9-42ED-A993-45835A79801B}.Debug|Any CPU.Build.0 = Debug|Any CPU
		{CBA7C6BE-09F9-42ED-A993-45835A79801B}.Release|Any CPU.ActiveCfg = Release|Any CPU
		{CBA7C6BE-09F9-42ED-A993-45835A79801B}.Release|Any CPU.Build.0 = Release|Any CPU
	EndGlobalSection
	GlobalSection(SolutionProperties) = preSolution
		HideSolutionNode = FALSE
	EndGlobalSection
	GlobalSection(ExtensibilityGlobals) = postSolution
		SolutionGuid = {CF9077B0-8AE3-424F-97BA-DF46EDDF231A}
	EndGlobalSection
EndGlobal
